
Microsoft Visual Studio Solution File, Format Version 12.00
# Visual Studio 2012
Project("{FAE04EC0-301F-11D3-BF4B-00C04F79EFBC}") = "大淘客获取", "大淘客获取\大淘客获取.csproj", "{ABE35DD4-DFF6-4199-9864-051583DEB8C5}"
EndProject
Project("{FAE04EC0-301F-11D3-BF4B-00C04F79EFBC}") = "FTools", "FTools\FTools.csproj", "{C0331D44-565C-4830-8189-75D2B8242C2D}"
EndProject
Project("{FAE04EC0-301F-11D3-BF4B-00C04F79EFBC}") = "大淘客接口", "大淘客接口\大淘客接口.csproj", "{70CE870A-A135-4B49-8DAA-1455249C0D69}"
EndProject
Project("{FAE04EC0-301F-11D3-BF4B-00C04F79EFBC}") = "dataoke_api_QQ", "dataoke_api_QQ\dataoke_api_QQ.csproj", "{32F9EC2E-E85D-43F6-B32A-88A818C0098F}"
EndProject
Project("{FAE04EC0-301F-11D3-BF4B-00C04F79EFBC}") = "Services", "Services\Services.csproj", "{319D1B13-3E51-4B6C-AB98-4549F39D7A2E}"
EndProject
Project("{FAE04EC0-301F-11D3-BF4B-00C04F79EFBC}") = "Entity", "Entity\Entity.csproj", "{8F643833-6F55-49BB-9712-3C8DE5C1EBE4}"
EndProject
Project("{FAE04EC0-301F-11D3-BF4B-00C04F79EFBC}") = "NetDimension.OpenAuth", "NetDimension.OpenAuth\NetDimension.OpenAuth.csproj", "{38B68338-7FC0-4AB7-B8A7-674E0BCBF899}"
EndProject
Project("{FAE04EC0-301F-11D3-BF4B-00C04F79EFBC}") = "NetDimension.OpenAuth.Winform", "NetDimension.OpenAuth.Winform\NetDimension.OpenAuth.Winform.csproj", "{0D1F893B-AF94-4E52-B972-A5D40E1DB670}"
EndProject
Project("{FAE04EC0-301F-11D3-BF4B-00C04F79EFBC}") = "NetDimension.OpenAuth.Sina", "NetDimension.OpenAuth.Sina\NetDimension.OpenAuth.Sina.csproj", "{76FC909D-BDA2-4FCE-9B9F-B503A13DF44F}"
EndProject
Global
	GlobalSection(SolutionConfigurationPlatforms) = preSolution
		Debug|Any CPU = Debug|Any CPU
		Release|Any CPU = Release|Any CPU
	EndGlobalSection
	GlobalSection(ProjectConfigurationPlatforms) = postSolution
		{ABE35DD4-DFF6-4199-9864-051583DEB8C5}.Debug|Any CPU.ActiveCfg = Debug|Any CPU
		{ABE35DD4-DFF6-4199-9864-051583DEB8C5}.Debug|Any CPU.Build.0 = Debug|Any CPU
		{ABE35DD4-DFF6-4199-9864-051583DEB8C5}.Release|Any CPU.ActiveCfg = Release|Any CPU
		{ABE35DD4-DFF6-4199-9864-051583DEB8C5}.Release|Any CPU.Build.0 = Release|Any CPU
		{C0331D44-565C-4830-8189-75D2B8242C2D}.Debug|Any CPU.ActiveCfg = Debug|Any CPU
		{C0331D44-565C-4830-8189-75D2B8242C2D}.Debug|Any CPU.Build.0 = Debug|Any CPU
		{C0331D44-565C-4830-8189-75D2B8242C2D}.Release|Any CPU.ActiveCfg = Release|Any CPU
		{C0331D44-565C-4830-8189-75D2B8242C2D}.Release|Any CPU.Build.0 = Release|Any CPU
		{70CE870A-A135-4B49-8DAA-1455249C0D69}.Debug|Any CPU.ActiveCfg = Debug|Any CPU
		{70CE870A-A135-4B49-8DAA-1455249C0D69}.Debug|Any CPU.Build.0 = Debug|Any CPU
		{70CE870A-A135-4B49-8DAA-1455249C0D69}.Release|Any CPU.ActiveCfg = Release|Any CPU
		{70CE870A-A135-4B49-8DAA-1455249C0D69}.Release|Any CPU.Build.0 = Release|Any CPU
		{32F9EC2E-E85D-43F6-B32A-88A818C0098F}.Debug|Any CPU.ActiveCfg = Debug|Any CPU
		{32F9EC2E-E85D-43F6-B32A-88A818C0098F}.Debug|Any CPU.Build.0 = Debug|Any CPU
		{32F9EC2E-E85D-43F6-B32A-88A818C0098F}.Release|Any CPU.ActiveCfg = Release|Any CPU
		{32F9EC2E-E85D-43F6-B32A-88A818C0098F}.Release|Any CPU.Build.0 = Release|Any CPU
		{319D1B13-3E51-4B6C-AB98-4549F39D7A2E}.Debug|Any CPU.ActiveCfg = Debug|Any CPU
		{319D1B13-3E51-4B6C-AB98-4549F39D7A2E}.Debug|Any CPU.Build.0 = Debug|Any CPU
		{319D1B13-3E51-4B6C-AB98-4549F39D7A2E}.Release|Any CPU.ActiveCfg = Release|Any CPU
		{319D1B13-3E51-4B6C-AB98-4549F39D7A2E}.Release|Any CPU.Build.0 = Release|Any CPU
		{8F643833-6F55-49BB-9712-3C8DE5C1EBE4}.Debug|Any CPU.ActiveCfg = Debug|Any CPU
		{8F643833-6F55-49BB-9712-3C8DE5C1EBE4}.Debug|Any CPU.Build.0 = Debug|Any CPU
		{8F643833-6F55-49BB-9712-3C8DE5C1EBE4}.Release|Any CPU.ActiveCfg = Release|Any CPU
		{8F643833-6F55-49BB-9712-3C8DE5C1EBE4}.Release|Any CPU.Build.0 = Release|Any CPU
		{38B68338-7FC0-4AB7-B8A7-674E0BCBF899}.Debug|Any CPU.ActiveCfg = Debug|Any CPU
		{38B68338-7FC0-4AB7-B8A7-674E0BCBF899}.Debug|Any CPU.Build.0 = Debug|Any CPU
		{38B68338-7FC0-4AB7-B8A7-674E0BCBF899}.Release|Any CPU.ActiveCfg = Release|Any CPU
		{38B68338-7FC0-4AB7-B8A7-674E0BCBF899}.Release|Any CPU.Build.0 = Release|Any CPU
		{0D1F893B-AF94-4E52-B972-A5D40E1DB670}.Debug|Any CPU.ActiveCfg = Debug|Any CPU
		{0D1F893B-AF94-4E52-B972-A5D40E1DB670}.Debug|Any CPU.Build.0 = Debug|Any CPU
		{0D1F893B-AF94-4E52-B972-A5D40E1DB670}.Release|Any CPU.ActiveCfg = Release|Any CPU
		{0D1F893B-AF94-4E52-B972-A5D40E1DB670}.Release|Any CPU.Build.0 = Release|Any CPU
		{76FC909D-BDA2-4FCE-9B9F-B503A13DF44F}.Debug|Any CPU.ActiveCfg = Debug|Any CPU
		{76FC909D-BDA2-4FCE-9B9F-B503A13DF44F}.Debug|Any CPU.Build.0 = Debug|Any CPU
		{76FC909D-BDA2-4FCE-9B9F-B503A13DF44F}.Release|Any CPU.ActiveCfg = Release|Any CPU
		{76FC909D-BDA2-4FCE-9B9F-B503A13DF44F}.Release|Any CPU.Build.0 = Release|Any CPU
	EndGlobalSection
	GlobalSection(SolutionProperties) = preSolution
		HideSolutionNode = FALSE
	EndGlobalSection
EndGlobal
